PODS:
  - SDWebImage (5.9.1):
    - SDWebImage/Core (= 5.9.1)
  - SDWebImage/Core (5.9.1)
  - SDWebImageSwiftUI (1.5.0):
    - SDWebImage (~> 5.7)
  - Swinject (2.7.1)

DEPENDENCIES:
  - SDWebImageSwiftUI
  - Swinject

SPEC REPOS:
  trunk:
    - SDWebImage
    - SDWebImageSwiftUI
    - Swinject

SPEC CHECKSUMS:
  SDWebImage: a990c053fff71e388a10f3357edb0be17929c9c5
  SDWebImageSwiftUI: 43687ffe232ddd33fe0659498b7ca9884fdd6b35
  Swinject: ddf78b8486dd9b71a667b852cad919ab4484478e

PODFILE CHECKSUM: 6ef0d4f049ecdeda2dc487d9f25527a294ac61e5

COCOAPODS: 1.10.1
